
Microsoft Visual Studio Solution File, Format Version 12.00
# Visual Studio Version 17
VisualStudioVersion = 17.5.33627.172
MinimumVisualStudioVersion = 10.0.40219.1
Project("{9A19103F-16F7-4668-BE54-9A1E7A4F7556}") = "WebApplication1", "WebApplication1\WebApplication1.csproj", "{2AA63BF3-068E-4383-B4A2-A1A48F1D1CC7}"
EndProject
Project("{9A19103F-16F7-4668-BE54-9A1E7A4F7556}") = "Models", "Models\Models.csproj", "{A8019EA6-A0A6-4B95-9BF4-FA6049A47FAB}"
EndProject
Project("{9A19103F-16F7-4668-BE54-9A1E7A4F7556}") = "Data", "Data\Data.csproj", "{DAE84EE0-1150-472B-9A96-733CFD7FC0C2}"
EndProject
Project("{9A19103F-16F7-4668-BE54-9A1E7A4F7556}") = "DTO", "DTO\DTO.csproj", "{8045ED2E-1C7E-4FA5-B32A-E470C9433A00}"
EndProject
Project("{FAE04EC0-301F-11D3-BF4B-00C04F79EFBC}") = "Services", "Services\Services.csproj", "{18280E53-25F5-423A-B05E-FA494FAF9A0F}"
EndProject
Global
	GlobalSection(SolutionConfigurationPlatforms) = preSolution
		Debug|Any CPU = Debug|Any CPU
		Release|Any CPU = Release|Any CPU
	EndGlobalSection
	GlobalSection(ProjectConfigurationPlatforms) = postSolution
		{2AA63BF3-068E-4383-B4A2-A1A48F1D1CC7}.Debug|Any CPU.ActiveCfg = Debug|Any CPU
		{2AA63BF3-068E-4383-B4A2-A1A48F1D1CC7}.Debug|Any CPU.Build.0 = Debug|Any CPU
		{2AA63BF3-068E-4383-B4A2-A1A48F1D1CC7}.Release|Any CPU.ActiveCfg = Release|Any CPU
		{2AA63BF3-068E-4383-B4A2-A1A48F1D1CC7}.Release|Any CPU.Build.0 = Release|Any CPU
		{A8019EA6-A0A6-4B95-9BF4-FA6049A47FAB}.Debug|Any CPU.ActiveCfg = Debug|Any CPU
		{A8019EA6-A0A6-4B95-9BF4-FA6049A47FAB}.Debug|Any CPU.Build.0 = Debug|Any CPU
		{A8019EA6-A0A6-4B95-9BF4-FA6049A47FAB}.Release|Any CPU.ActiveCfg = Release|Any CPU
		{A8019EA6-A0A6-4B95-9BF4-FA6049A47FAB}.Release|Any CPU.Build.0 = Release|Any CPU
		{DAE84EE0-1150-472B-9A96-733CFD7FC0C2}.Debug|Any CPU.ActiveCfg = Debug|Any CPU
		{DAE84EE0-1150-472B-9A96-733CFD7FC0C2}.Debug|Any CPU.Build.0 = Debug|Any CPU
		{DAE84EE0-1150-472B-9A96-733CFD7FC0C2}.Release|Any CPU.ActiveCfg = Release|Any CPU
		{DAE84EE0-1150-472B-9A96-733CFD7FC0C2}.Release|Any CPU.Build.0 = Release|Any CPU
		{8045ED2E-1C7E-4FA5-B32A-E470C9433A00}.Debug|Any CPU.ActiveCfg = Debug|Any CPU
		{8045ED2E-1C7E-4FA5-B32A-E470C9433A00}.Debug|Any CPU.Build.0 = Debug|Any CPU
		{8045ED2E-1C7E-4FA5-B32A-E470C9433A00}.Release|Any CPU.ActiveCfg = Release|Any CPU
		{8045ED2E-1C7E-4FA5-B32A-E470C9433A00}.Release|Any CPU.Build.0 = Release|Any CPU
		{18280E53-25F5-423A-B05E-FA494FAF9A0F}.Debug|Any CPU.ActiveCfg = Debug|Any CPU
		{18280E53-25F5-423A-B05E-FA494FAF9A0F}.Debug|Any CPU.Build.0 = Debug|Any CPU
		{18280E53-25F5-423A-B05E-FA494FAF9A0F}.Release|Any CPU.ActiveCfg = Release|Any CPU
		{18280E53-25F5-423A-B05E-FA494FAF9A0F}.Release|Any CPU.Build.0 = Release|Any CPU
	EndGlobalSection
	GlobalSection(SolutionProperties) = preSolution
		HideSolutionNode = FALSE
	EndGlobalSection
	GlobalSection(ExtensibilityGlobals) = postSolution
		SolutionGuid = {8E47079D-87FB-473B-A13C-57ACD5100459}
	EndGlobalSection
EndGlobal
